// !$*UTF8*$!
{
	archiveVersion = 1;
	classes = {
	};
	objectVersion = 48;
	objects = {

/* Begin PBXBuildFile section */
		AE52DBF1215D91810051BB7E /* ARSCNStereoViewClass_v4.swift in Sources */ = {isa = PBXBuildFile; fileRef = AE52DBF0215D91810051BB7E /* ARSCNStereoViewClass_v4.swift */; };
		AED907291F110C3000063B26 /* AppDelegate.swift in Sources */ = {isa = PBXBuildFile; fileRef = AED907281F110C3000063B26 /* AppDelegate.swift */; };
		AED9072B1F110C3000063B26 /* art.scnassets in Resources */ = {isa = PBXBuildFile; fileRef = AED9072A1F110C3000063B26 /* art.scnassets */; };
		AED9072D1F110C3000063B26 /* ViewController.swift in Sources */ = {isa = PBXBuildFile; fileRef = AED9072C1F110C3000063B26 /* ViewController.swift */; };
		AED907301F110C3000063B26 /* Main.storyboard in Resources */ = {isa = PBXBuildFile; fileRef = AED9072E1F110C3000063B26 /* Main.storyboard */; };
		AED907321F110C3000063B26 /* Assets.xcassets in Resources */ = {isa = PBXBuildFile; fileRef = AED907311F110C3000063B26 /* Assets.xcassets */; };
		AED907351F110C3000063B26 /* LaunchScreen.storyboard in Resources */ = {isa = PBXBuildFile; fileRef = AED907331F110C3000063B26 /* LaunchScreen.storyboard */; };
/* End PBXBuildFile section */

/* Begin PBXFileReference section */
		AE52DBF0215D91810051BB7E /* ARSCNStereoViewClass_v4.swift */ = {isa = PBXFileReference; lastKnownFileType = sourcecode.swift; path = ARSCNStereoViewClass_v4.swift; sourceTree = "<group>"; };
		AED907251F110C3000063B26 /* ARKit Headset View.app */ = {isa = PBXFileReference; explicitFileType = wrapper.application; includeInIndex = 0; path = "ARKit Headset View.app"; sourceTree = BUILT_PRODUCTS_DIR; };
		AED907281F110C3000063B26 /* AppDelegate.swift */ = {isa = PBXFileReference; lastKnownFileType = sourcecode.swift; path = AppDelegate.swift; sourceTree = "<group>"; };
		AED9072A1F110C3000063B26 /* art.scnassets */ = {isa = PBXFileReference; lastKnownFileType = wrapper.scnassets; path = art.scnassets; sourceTree = "<group>"; };
		AED9072C1F110C3000063B26 /* ViewController.swift */ = {isa = PBXFileReference; lastKnownFileType = sourcecode.swift; path = ViewController.swift; sourceTree = "<group>"; };
		AED9072F1F110C3000063B26 /* Base */ = {isa = PBXFileReference; lastKnownFileType = file.storyboard; name = Base; path = Base.lproj/Main.storyboard; sourceTree = "<group>"; };
		AED907311F110C3000063B26 /* Assets.xcassets */ = {isa = PBXFileReference; lastKnownFileType = folder.assetcatalog; path = Assets.xcassets; sourceTree = "<group>"; };
		AED907341F110C3000063B26 /* Base */ = {isa = PBXFileReference; lastKnownFileType = file.storyboard; name = Base; path = Base.lproj/LaunchScreen.storyboard; sourceTree = "<group>"; };
		AED907361F110C3000063B26 /* Info.plist */ = {isa = PBXFileReference; lastKnownFileType = text.plist.xml; path = Info.plist; sourceTree = "<group>"; };
/* End PBXFileReference section */

/* Begin PBXFrameworksBuildPhase section */
		AED907221F110C3000063B26 /* Frameworks */ = {
			isa = PBXFrameworksBuildPhase;
			buildActionMask = 2147483647;
			files = (
			);
			runOnlyForDeploymentPostprocessing = 0;
		};
/* End PBXFrameworksBuildPhase section */

/* Begin PBXGroup section */
		AED9071C1F110C3000063B26 = {
			isa = PBXGroup;
			children = (
				AED907271F110C3000063B26 /* ARKit Headset View */,
				AED907261F110C3000063B26 /* Products */,
			);
			sourceTree = "<group>";
		};
		AED907261F110C3000063B26 /* Products */ = {
			isa = PBXGroup;
			children = (
				AED907251F110C3000063B26 /* ARKit Headset View.app */,
			);
			name = Products;
			sourceTree = "<group>";
		};
		AED907271F110C3000063B26 /* ARKit Headset View */ = {
			isa = PBXGroup;
			children = (
				AED907281F110C3000063B26 /* AppDelegate.swift */,
				AED9072A1F110C3000063B26 /* art.scnassets */,
				AED9072C1F110C3000063B26 /* ViewController.swift */,
				AE52DBF0215D91810051BB7E /* ARSCNStereoViewClass_v4.swift */,
				AED9072E1F110C3000063B26 /* Main.storyboard */,
				AED907311F110C3000063B26 /* Assets.xcassets */,
				AED907331F110C3000063B26 /* LaunchScreen.storyboard */,
				AED907361F110C3000063B26 /* Info.plist */,
			);
			path = "ARKit Headset View";
			sourceTree = "<group>";
		};
/* End PBXGroup section */

/* Begin PBXNativeTarget section */
		AED907241F110C3000063B26 /* ARKit Headset View */ = {
			isa = PBXNativeTarget;
			buildConfigurationList = AED907391F110C3000063B26 /* Build configuration list for PBXNativeTarget "ARKit Headset View" */;
			buildPhases = (
				AED907211F110C3000063B26 /* Sources */,
				AED907221F110C3000063B26 /* Frameworks */,
				AED907231F110C3000063B26 /* Resources */,
			);
			buildRules = (
			);
			dependencies = (
			);
			name = "ARKit Headset View";
			productName = "ARKit Headset View";
			productReference = AED907251F110C3000063B26 /* ARKit Headset View.app */;
			productType = "com.apple.product-type.application";
		};
/* End PBXNativeTarget section */

/* Begin PBXProject section */
		AED9071D1F110C3000063B26 /* Project object */ = {
			isa = PBXProject;
			attributes = {
				LastSwiftUpdateCheck = 0900;
				LastUpgradeCheck = 0920;
				ORGANIZATIONNAME = CompanyName;
				TargetAttributes = {
					AED907241F110C3000063B26 = {
						CreatedOnToolsVersion = 9.0;
					};
				};
			};
			buildConfigurationList = AED907201F110C3000063B26 /* Build configuration list for PBXProject "ARKit Headset View" */;
			compatibilityVersion = "Xcode 8.0";
			developmentRegion = en;
			hasScannedForEncodings = 0;
			knownRegions = (
				en,
				Base,
			);
			mainGroup = AED9071C1F110C3000063B26;
			productRefGroup = AED907261F110C3000063B26 /* Products */;
			projectDirPath = "";
			projectRoot = "";
			targets = (
				AED907241F110C3000063B26 /* ARKit Headset View */,
			);
		};
/* End PBXProject section */

/* Begin PBXResourcesBuildPhase section */
		AED907231F110C3000063B26 /* Resources */ = {
			isa = PBXResourcesBuildPhase;
			buildActionMask = 2147483647;
			files = (
				AED9072B1F110C3000063B26 /* art.scnassets in Resources */,
				AED907351F110C3000063B26 /* LaunchScreen.storyboard in Resources */,
				AED907321F110C3000063B26 /* Assets.xcassets in Resources */,
				AED907301F110C3000063B26 /* Main.storyboard in Resources */,
			);
			runOnlyForDeploymentPostprocessing = 0;
		};
/* End PBXResourcesBuildPhase section */

/* Begin PBXSourcesBuildPhase section */
		AED907211F110C3000063B26 /* Sources */ = {
			isa = PBXSourcesBuildPhase;
			buildActionMask = 2147483647;
			files = (
				AED9072D1F110C3000063B26 /* ViewController.swift in Sources */,
				AED907291F110C3000063B26 /* AppDelegate.swift in Sources */,
				AE52DBF1215D91810051BB7E /* ARSCNStereoViewClass_v4.swift in Sources */,
			);
			runOnlyForDeploymentPostprocessing = 0;
		};
/* End PBXSourcesBuildPhase section */

/* Begin PBXVariantGroup section */
		AED9072E1F110C3000063B26 /* Main.storyboard */ = {
			isa = PBXVariantGroup;
			children = (
				AED9072F1F110C3000063B26 /* Base */,
			);
			name = Main.storyboard;
			sourceTree = "<group>";
		};
		AED907331F110C3000063B26 /* LaunchScreen.storyboard */ = {
			isa = PBXVariantGroup;
			children = (
				AED907341F110C3000063B26 /* Base */,
			);
			name = LaunchScreen.storyboard;
			sourceTree = "<group>";
		};
/* End PBXVariantGroup section */

/* Begin XCBuildConfiguration section */
		AED907371F110C3000063B26 /* Debug */ = {
			isa = XCBuildConfiguration;
			buildSettings = {
				ALWAYS_SEARCH_USER_PATHS = NO;
				CLANG_ANALYZER_NONNULL = YES;
				CLANG_ANALYZER_NUMBER_OBJECT_CONVERSION = YES_AGGRESSIVE;
				CLANG_CXX_LANGUAGE_STANDARD = "gnu++14";
				CLANG_CXX_LIBRARY = "libc++";
				CLANG_ENABLE_MODULES = YES;
				CLANG_ENABLE_OBJC_ARC = YES;
				CLANG_WARN_BLOCK_CAPTURE_AUTORELEASING = YES;
				CLANG_WARN_BOOL_CONVERSION = YES;
				CLANG_WARN_COMMA = YES;
				CLANG_WARN_CONSTANT_CONVERSION = YES;
				CLANG_WARN_DIRECT_OBJC_ISA_USAGE = YES_ERROR;
				CLANG_WARN_DOCUMENTATION_COMMENTS = YES;
				CLANG_WARN_EMPTY_BODY = YES;
				CLANG_WARN_ENUM_CONVERSION = YES;
				CLANG_WARN_INFINITE_RECURSION = YES;
				CLANG_WARN_INT_CONVERSION = YES;
				CLANG_WARN_NON_LITERAL_NULL_CONVERSION = YES;
				CLANG_WARN_OBJC_LITERAL_CONVERSION = YES;
				CLANG_WARN_OBJC_ROOT_CLASS = YES_ERROR;
				CLANG_WARN_RANGE_LOOP_ANALYSIS = YES;
				CLANG_WARN_STRICT_PROTOTYPES = YES;
				CLANG_WARN_SUSPICIOUS_MOVE = YES;
				CLANG_WARN_UNGUARDED_AVAILABILITY = YES_AGGRESSIVE;
				CLANG_WARN_UNREACHABLE_CODE = YES;
				CLANG_WARN__DUPLICATE_METHOD_MATCH = YES;
				CODE_SIGN_IDENTITY = "iPhone Developer";
				COPY_PHASE_STRIP = NO;
				DEBUG_INFORMATION_FORMAT = dwarf;
				ENABLE_STRICT_OBJC_MSGSEND = YES;
				ENABLE_TESTABILITY = YES;
				GCC_C_LANGUAGE_STANDARD = gnu11;
				GCC_DYNAMIC_NO_PIC = NO;
				GCC_NO_COMMON_BLOCKS = YES;
				GCC_OPTIMIZATION_LEVEL = 0;
				GCC_PREPROCESSOR_DEFINITIONS = (
					"DEBUG=1",
					"$(inherited)",
				);
				GCC_WARN_64_TO_32_BIT_CONVERSION = YES;
				GCC_WARN_ABOUT_RETURN_TYPE = YES_ERROR;
				GCC_WARN_UNDECLARED_SELECTOR = YES;
				GCC_WARN_UNINITIALIZED_AUTOS = YES_AGGRESSIVE;
				GCC_WARN_UNUSED_FUNCTION = YES;
				GCC_WARN_UNUSED_VARIABLE = YES;
				IPHONEOS_DEPLOYMENT_TARGET = 11.0;
				MTL_ENABLE_DEBUG_INFO = YES;
				ONLY_ACTIVE_ARCH = YES;
				SDKROOT = iphoneos;
				SWIFT_ACTIVE_COMPILATION_CONDITIONS = DEBUG;
				SWIFT_OPTIMIZATION_LEVEL = "-Onone";
			};
			name = Debug;
		};
		AED907381F110C3000063B26 /* Release */ = {
			isa = XCBuildConfiguration;
			buildSettings = {
				ALWAYS_SEARCH_USER_PATHS = NO;
				CLANG_ANALYZER_NONNULL = YES;
				CLANG_ANALYZER_NUMBER_OBJECT_CONVERSION = YES_AGGRESSIVE;
				CLANG_CXX_LANGUAGE_STANDARD = "gnu++14";
				CLANG_CXX_LIBRARY = "libc++";
				CLANG_ENABLE_MODULES = YES;
				CLANG_ENABLE_OBJC_ARC = YES;
				CLANG_WARN_BLOCK_CAPTURE_AUTORELEASING = YES;
				CLANG_WARN_BOOL_CONVERSION = YES;
				CLANG_WARN_COMMA = YES;
				CLANG_WARN_CONSTANT_CONVERSION = YES;
				CLANG_WARN_DIRECT_OBJC_ISA_USAGE = YES_ERROR;
				CLANG_WARN_DOCUMENTATION_COMMENTS = YES;
				CLANG_WARN_EMPTY_BODY = YES;
				CLANG_WARN_ENUM_CONVERSION = YES;
				CLANG_WARN_INFINITE_RECURSION = YES;
				CLANG_WARN_INT_CONVERSION = YES;
				CLANG_WARN_NON_LITERAL_NULL_CONVERSION = YES;
				CLANG_WARN_OBJC_LITERAL_CONVERSION = YES;
				CLANG_WARN_OBJC_ROOT_CLASS = YES_ERROR;
				CLANG_WARN_RANGE_LOOP_ANALYSIS = YES;
				CLANG_WARN_STRICT_PROTOTYPES = YES;
				CLANG_WARN_SUSPICIOUS_MOVE = YES;
				CLANG_WARN_UNGUARDED_AVAILABILITY = YES_AGGRESSIVE;
				CLANG_WARN_UNREACHABLE_CODE = YES;
				CLANG_WARN__DUPLICATE_METHOD_MATCH = YES;
				CODE_SIGN_IDENTITY = "iPhone Developer";
				COPY_PHASE_STRIP = NO;
				DEBUG_INFORMATION_FORMAT = "dwarf-with-dsym";
				ENABLE_NS_ASSERTIONS = NO;
				ENABLE_STRICT_OBJC_MSGSEND = YES;
				GCC_C_LANGUAGE_STANDARD = gnu11;
				GCC_NO_COMMON_BLOCKS = YES;
				GCC_WARN_64_TO_32_BIT_CONVERSION = YES;
				GCC_WARN_ABOUT_RETURN_TYPE = YES_ERROR;
				GCC_WARN_UNDECLARED_SELECTOR = YES;
				GCC_WARN_UNINITIALIZED_AUTOS = YES_AGGRESSIVE;
				GCC_WARN_UNUSED_FUNCTION = YES;
				GCC_WARN_UNUSED_VARIABLE = YES;
				IPHONEOS_DEPLOYMENT_TARGET = 11.0;
				MTL_ENABLE_DEBUG_INFO = NO;
				SDKROOT = iphoneos;
				SWIFT_OPTIMIZATION_LEVEL = "-Owholemodule";
				VALIDATE_PRODUCT = YES;
			};
			name = Release;
		};
		AED9073A1F110C3000063B26 /* Debug */ = {
			isa = XCBuildConfiguration;
			buildSettings = {
				ASSETCATALOG_COMPILER_APPICON_NAME = AppIcon;
				DEVELOPMENT_TEAM = 3SL39F2287;
				INFOPLIST_FILE = "ARKit Headset View/Info.plist";
				LD_RUNPATH_SEARCH_PATHS = "$(inherited) @executable_path/Frameworks";
				PRODUCT_BUNDLE_IDENTIFIER = "com.yourcompanyname.ARKit-Headset-View";
				PRODUCT_NAME = "$(TARGET_NAME)";
				SWIFT_VERSION = 4.0;
				TARGETED_DEVICE_FAMILY = "1,2";
			};
			name = Debug;
		};
		AED9073B1F110C3000063B26 /* Release */ = {
			isa = XCBuildConfiguration;
			buildSettings = {
				ASSETCATALOG_COMPILER_APPICON_NAME = AppIcon;
				DEVELOPMENT_TEAM = 3SL39F2287;
				INFOPLIST_FILE = "ARKit Headset View/Info.plist";
				LD_RUNPATH_SEARCH_PATHS = "$(inherited) @executable_path/Frameworks";
				PRODUCT_BUNDLE_IDENTIFIER = "com.yourcompanyname.ARKit-Headset-View";
				PRODUCT_NAME = "$(TARGET_NAME)";
				SWIFT_VERSION = 4.0;
				TARGETED_DEVICE_FAMILY = "1,2";
			};
			name = Release;
		};
/* End XCBuildConfiguration section */

/* Begin XCConfigurationList section */
		AED907201F110C3000063B26 /* Build configuration list for PBXProject "ARKit Headset View" */ = {
			isa = XCConfigurationList;
			buildConfigurations = (
				AED907371F110C3000063B26 /* Debug */,
				AED907381F110C3000063B26 /* Release */,
			);
			defaultConfigurationIsVisible = 0;
			defaultConfigurationName = Release;
		};
		AED907391F110C3000063B26 /* Build configuration list for PBXNativeTarget "ARKit Headset View" */ = {
			isa = XCConfigurationList;
			buildConfigurations = (
				AED9073A1F110C3000063B26 /* Debug */,
				AED9073B1F110C3000063B26 /* Release */,
			);
			defaultConfigurationIsVisible = 0;
			defaultConfigurationName = Release;
		};
/* End XCConfigurationList section */
	};
	rootObject = AED9071D1F110C3000063B26 /* Project object */;
}
